// !$*UTF8*$!
{
	archiveVersion = 1;
	classes = {
	};
	objectVersion = 48;
	objects = {

/* Begin PBXBuildFile section */
		19F7CFDF20CFCC1B00D41E7E /* AnimalCardsLevel.sks in Resources */ = {isa = PBXBuildFile; fileRef = 19F7CFDD20CFCC1B00D41E7E /* AnimalCardsLevel.sks */; };
		19F7CFE020CFCC1B00D41E7E /* AnimalCardsGame.sks in Resources */ = {isa = PBXBuildFile; fileRef = 19F7CFDE20CFCC1B00D41E7E /* AnimalCardsGame.sks */; };
		19F7CFE320CFCCA900D41E7E /* AnimalCardsGameScene.swift in Sources */ = {isa = PBXBuildFile; fileRef = 19F7CFE120CFCCA900D41E7E /* AnimalCardsGameScene.swift */; };
		19F7CFE420CFCCA900D41E7E /* AnimalCardsLevelScene.swift in Sources */ = {isa = PBXBuildFile; fileRef = 19F7CFE220CFCCA900D41E7E /* AnimalCardsLevelScene.swift */; };
		19F7CFE620CFD0D500D41E7E /* AnimalCardsGameOver.sks in Resources */ = {isa = PBXBuildFile; fileRef = 19F7CFE520CFD0D500D41E7E /* AnimalCardsGameOver.sks */; };
		19F7CFE820CFDB9400D41E7E /* AnimalCardGameOverScene.swift in Sources */ = {isa = PBXBuildFile; fileRef = 19F7CFE720CFDB9400D41E7E /* AnimalCardGameOverScene.swift */; };
		8817401A20BBC02700C55FC4 /* LaunchGameScene.swift in Sources */ = {isa = PBXBuildFile; fileRef = 8817401920BBC02700C55FC4 /* LaunchGameScene.swift */; };
		8817402820BBC5EA00C55FC4 /* MainGameScene.swift in Sources */ = {isa = PBXBuildFile; fileRef = 8817402720BBC5EA00C55FC4 /* MainGameScene.swift */; };
		8817402A20BBD01700C55FC4 /* MathGameScene.swift in Sources */ = {isa = PBXBuildFile; fileRef = 8817402920BBD01700C55FC4 /* MathGameScene.swift */; };
		8817402C20BBD05600C55FC4 /* MathLevelScene.swift in Sources */ = {isa = PBXBuildFile; fileRef = 8817402B20BBD05600C55FC4 /* MathLevelScene.swift */; };
		881DF04D20C2D57D00EA8A68 /* Asparagus Sprouts.ttf in Resources */ = {isa = PBXBuildFile; fileRef = 881DF04A20C2D57C00EA8A68 /* Asparagus Sprouts.ttf */; };
		882133D420C600140090F2CE /* MathEquation.swift in Sources */ = {isa = PBXBuildFile; fileRef = 882133D320C600140090F2CE /* MathEquation.swift */; };
		882133D620C600250090F2CE /* Asset.swift in Sources */ = {isa = PBXBuildFile; fileRef = 882133D520C600250090F2CE /* Asset.swift */; };
		888622D120B10A530058A591 /* AppDelegate.swift in Sources */ = {isa = PBXBuildFile; fileRef = 888622D020B10A530058A591 /* AppDelegate.swift */; };
		888622D520B10A530058A591 /* Actions.sks in Resources */ = {isa = PBXBuildFile; fileRef = 888622D420B10A530058A591 /* Actions.sks */; };
		888622D920B10A530058A591 /* GameViewController.swift in Sources */ = {isa = PBXBuildFile; fileRef = 888622D820B10A530058A591 /* GameViewController.swift */; };
		888622DC20B10A530058A591 /* Main.storyboard in Resources */ = {isa = PBXBuildFile; fileRef = 888622DA20B10A530058A591 /* Main.storyboard */; };
		888622DE20B10A550058A591 /* Assets.xcassets in Resources */ = {isa = PBXBuildFile; fileRef = 888622DD20B10A550058A591 /* Assets.xcassets */; };
		888622E120B10A550058A591 /* LaunchScreen.storyboard in Resources */ = {isa = PBXBuildFile; fileRef = 888622DF20B10A550058A591 /* LaunchScreen.storyboard */; };
		88B8B0F620C2644C00962654 /* MathGameOverScene.swift in Sources */ = {isa = PBXBuildFile; fileRef = 88B8B0F520C2644C00962654 /* MathGameOverScene.swift */; };
		88DE3DB520CF846300591A56 /* LaunchGame.sks in Resources */ = {isa = PBXBuildFile; fileRef = 88DE3DB020CF846300591A56 /* LaunchGame.sks */; };
		88DE3DB620CF846300591A56 /* MainGame.sks in Resources */ = {isa = PBXBuildFile; fileRef = 88DE3DB120CF846300591A56 /* MainGame.sks */; };
		88DE3DB720CF846300591A56 /* MathGame.sks in Resources */ = {isa = PBXBuildFile; fileRef = 88DE3DB220CF846300591A56 /* MathGame.sks */; };
		88DE3DB820CF846300591A56 /* MathGameOver.sks in Resources */ = {isa = PBXBuildFile; fileRef = 88DE3DB320CF846300591A56 /* MathGameOver.sks */; };
		88DE3DB920CF846300591A56 /* MathLevel.sks in Resources */ = {isa = PBXBuildFile; fileRef = 88DE3DB420CF846300591A56 /* MathLevel.sks */; };
		88DE3DBD20CF852900591A56 /* SpaceSpellGameOver.sks in Resources */ = {isa = PBXBuildFile; fileRef = 88DE3DBC20CF852900591A56 /* SpaceSpellGameOver.sks */; };
		88DE3DBF20CF857100591A56 /* SpaceGame.sks in Resources */ = {isa = PBXBuildFile; fileRef = 88DE3DBE20CF857100591A56 /* SpaceGame.sks */; };
		88DE3DC120CF866900591A56 /* SpaceSpellLevel.sks in Resources */ = {isa = PBXBuildFile; fileRef = 88DE3DC020CF866900591A56 /* SpaceSpellLevel.sks */; };
		88EA13AC20CB5E83004784F1 /* SpaceSpellScene.swift in Sources */ = {isa = PBXBuildFile; fileRef = 88EA13AB20CB5E83004784F1 /* SpaceSpellScene.swift */; };
		88EA140720CB6216004784F1 /* SpaceSpell.swift in Sources */ = {isa = PBXBuildFile; fileRef = 88EA140620CB6216004784F1 /* SpaceSpell.swift */; };
		88EA143E20CB6724004784F1 /* SpaceSpellLevelScene.swift in Sources */ = {isa = PBXBuildFile; fileRef = 88EA143D20CB6724004784F1 /* SpaceSpellLevelScene.swift */; };
		88EA144E20CB92C1004784F1 /* SpaceSpellController.swift in Sources */ = {isa = PBXBuildFile; fileRef = 88EA144D20CB92C1004784F1 /* SpaceSpellController.swift */; };
		88EA145020CBB9FB004784F1 /* MathGameController.swift in Sources */ = {isa = PBXBuildFile; fileRef = 88EA144F20CBB9FB004784F1 /* MathGameController.swift */; };
		88EA145220CBBA3A004784F1 /* SpaceSpellGameOverScene.swift in Sources */ = {isa = PBXBuildFile; fileRef = 88EA145120CBBA3A004784F1 /* SpaceSpellGameOverScene.swift */; };
/* End PBXBuildFile section */

/* Begin PBXFileReference section */
		19F7CFDD20CFCC1B00D41E7E /* AnimalCardsLevel.sks */ = {isa = PBXFileReference; lastKnownFileType = file.sks; path = AnimalCardsLevel.sks; sourceTree = "<group>"; };
		19F7CFDE20CFCC1B00D41E7E /* AnimalCardsGame.sks */ = {isa = PBXFileReference; lastKnownFileType = file.sks; path = AnimalCardsGame.sks; sourceTree = "<group>"; };
		19F7CFE120CFCCA900D41E7E /* AnimalCardsGameScene.swift */ = {isa = PBXFileReference; fileEncoding = 4; lastKnownFileType = sourcecode.swift; path = AnimalCardsGameScene.swift; sourceTree = "<group>"; };
		19F7CFE220CFCCA900D41E7E /* AnimalCardsLevelScene.swift */ = {isa = PBXFileReference; fileEncoding = 4; lastKnownFileType = sourcecode.swift; path = AnimalCardsLevelScene.swift; sourceTree = "<group>"; };
		19F7CFE520CFD0D500D41E7E /* AnimalCardsGameOver.sks */ = {isa = PBXFileReference; lastKnownFileType = file.sks; path = AnimalCardsGameOver.sks; sourceTree = "<group>"; };
		19F7CFE720CFDB9400D41E7E /* AnimalCardGameOverScene.swift */ = {isa = PBXFileReference; lastKnownFileType = sourcecode.swift; path = AnimalCardGameOverScene.swift; sourceTree = "<group>"; };
		8817401920BBC02700C55FC4 /* LaunchGameScene.swift */ = {isa = PBXFileReference; lastKnownFileType = sourcecode.swift; path = LaunchGameScene.swift; sourceTree = "<group>"; };
		8817402720BBC5EA00C55FC4 /* MainGameScene.swift */ = {isa = PBXFileReference; lastKnownFileType = sourcecode.swift; path = MainGameScene.swift; sourceTree = "<group>"; };
		8817402920BBD01700C55FC4 /* MathGameScene.swift */ = {isa = PBXFileReference; lastKnownFileType = sourcecode.swift; path = MathGameScene.swift; sourceTree = "<group>"; };
		8817402B20BBD05600C55FC4 /* MathLevelScene.swift */ = {isa = PBXFileReference; lastKnownFileType = sourcecode.swift; path = MathLevelScene.swift; sourceTree = "<group>"; };
		881DF04A20C2D57C00EA8A68 /* Asparagus Sprouts.ttf */ = {isa = PBXFileReference; lastKnownFileType = file; path = "Asparagus Sprouts.ttf"; sourceTree = "<group>"; };
		882133D320C600140090F2CE /* MathEquation.swift */ = {isa = PBXFileReference; lastKnownFileType = sourcecode.swift; path = MathEquation.swift; sourceTree = "<group>"; };
		882133D520C600250090F2CE /* Asset.swift */ = {isa = PBXFileReference; lastKnownFileType = sourcecode.swift; path = Asset.swift; sourceTree = "<group>"; };
		888622CD20B10A530058A591 /* project3.app */ = {isa = PBXFileReference; explicitFileType = wrapper.application; includeInIndex = 0; path = project3.app; sourceTree = BUILT_PRODUCTS_DIR; };
		888622D020B10A530058A591 /* AppDelegate.swift */ = {isa = PBXFileReference; lastKnownFileType = sourcecode.swift; path = AppDelegate.swift; sourceTree = "<group>"; };
		888622D420B10A530058A591 /* Actions.sks */ = {isa = PBXFileReference; lastKnownFileType = file.sks; path = Actions.sks; sourceTree = "<group>"; };
		888622D820B10A530058A591 /* GameViewController.swift */ = {isa = PBXFileReference; lastKnownFileType = sourcecode.swift; path = GameViewController.swift; sourceTree = "<group>"; };
		888622DB20B10A530058A591 /* Base */ = {isa = PBXFileReference; lastKnownFileType = file.storyboard; name = Base; path = Base.lproj/Main.storyboard; sourceTree = "<group>"; };
		888622DD20B10A550058A591 /* Assets.xcassets */ = {isa = PBXFileReference; lastKnownFileType = folder.assetcatalog; path = Assets.xcassets; sourceTree = "<group>"; };
		888622E020B10A550058A591 /* Base */ = {isa = PBXFileReference; lastKnownFileType = file.storyboard; name = Base; path = Base.lproj/LaunchScreen.storyboard; sourceTree = "<group>"; };
		888622E220B10A550058A591 /* Info.plist */ = {isa = PBXFileReference; lastKnownFileType = text.plist.xml; path = Info.plist; sourceTree = "<group>"; };
		88B8B0F520C2644C00962654 /* MathGameOverScene.swift */ = {isa = PBXFileReference; lastKnownFileType = sourcecode.swift; path = MathGameOverScene.swift; sourceTree = "<group>"; };
		88DE3DB020CF846300591A56 /* LaunchGame.sks */ = {isa = PBXFileReference; lastKnownFileType = file.sks; path = LaunchGame.sks; sourceTree = "<group>"; };
		88DE3DB120CF846300591A56 /* MainGame.sks */ = {isa = PBXFileReference; lastKnownFileType = file.sks; path = MainGame.sks; sourceTree = "<group>"; };
		88DE3DB220CF846300591A56 /* MathGame.sks */ = {isa = PBXFileReference; lastKnownFileType = file.sks; path = MathGame.sks; sourceTree = "<group>"; };
		88DE3DB320CF846300591A56 /* MathGameOver.sks */ = {isa = PBXFileReference; lastKnownFileType = file.sks; path = MathGameOver.sks; sourceTree = "<group>"; };
		88DE3DB420CF846300591A56 /* MathLevel.sks */ = {isa = PBXFileReference; lastKnownFileType = file.sks; path = MathLevel.sks; sourceTree = "<group>"; };
		88DE3DBC20CF852900591A56 /* SpaceSpellGameOver.sks */ = {isa = PBXFileReference; lastKnownFileType = file.sks; path = SpaceSpellGameOver.sks; sourceTree = "<group>"; };
		88DE3DBE20CF857100591A56 /* SpaceGame.sks */ = {isa = PBXFileReference; lastKnownFileType = file.sks; path = SpaceGame.sks; sourceTree = "<group>"; };
		88DE3DC020CF866900591A56 /* SpaceSpellLevel.sks */ = {isa = PBXFileReference; lastKnownFileType = file.sks; path = SpaceSpellLevel.sks; sourceTree = "<group>"; };
		88EA13AB20CB5E83004784F1 /* SpaceSpellScene.swift */ = {isa = PBXFileReference; lastKnownFileType = sourcecode.swift; path = SpaceSpellScene.swift; sourceTree = "<group>"; };
		88EA140620CB6216004784F1 /* SpaceSpell.swift */ = {isa = PBXFileReference; fileEncoding = 4; lastKnownFileType = sourcecode.swift; path = SpaceSpell.swift; sourceTree = "<group>"; };
		88EA143D20CB6724004784F1 /* SpaceSpellLevelScene.swift */ = {isa = PBXFileReference; lastKnownFileType = sourcecode.swift; path = SpaceSpellLevelScene.swift; sourceTree = "<group>"; };
		88EA144D20CB92C1004784F1 /* SpaceSpellController.swift */ = {isa = PBXFileReference; lastKnownFileType = sourcecode.swift; path = SpaceSpellController.swift; sourceTree = "<group>"; };
		88EA144F20CBB9FB004784F1 /* MathGameController.swift */ = {isa = PBXFileReference; lastKnownFileType = sourcecode.swift; path = MathGameController.swift; sourceTree = "<group>"; };
		88EA145120CBBA3A004784F1 /* SpaceSpellGameOverScene.swift */ = {isa = PBXFileReference; lastKnownFileType = sourcecode.swift; path = SpaceSpellGameOverScene.swift; sourceTree = "<group>"; };
/* End PBXFileReference section */

/* Begin PBXFrameworksBuildPhase section */
		888622CA20B10A530058A591 /* Frameworks */ = {
			isa = PBXFrameworksBuildPhase;
			buildActionMask = 2147483647;
			files = (
			);
			runOnlyForDeploymentPostprocessing = 0;
		};
/* End PBXFrameworksBuildPhase section */

/* Begin PBXGroup section */
		8817401D20BBC08700C55FC4 /* MathGameSceneController */ = {
			isa = PBXGroup;
			children = (
				88B8B0F520C2644C00962654 /* MathGameOverScene.swift */,
				8817402920BBD01700C55FC4 /* MathGameScene.swift */,
				8817402B20BBD05600C55FC4 /* MathLevelScene.swift */,
				88EA144F20CBB9FB004784F1 /* MathGameController.swift */,
			);
			path = MathGameSceneController;
			sourceTree = "<group>";
		};
		8817401F20BBC0A000C55FC4 /* MainGameSceneController */ = {
			isa = PBXGroup;
			children = (
				8817402720BBC5EA00C55FC4 /* MainGameScene.swift */,
				8817401920BBC02700C55FC4 /* LaunchGameScene.swift */,
			);
			path = MainGameSceneController;
			sourceTree = "<group>";
		};
		882133D220C5FFDA0090F2CE /* Model */ = {
			isa = PBXGroup;
			children = (
				88EA140620CB6216004784F1 /* SpaceSpell.swift */,
				882133D320C600140090F2CE /* MathEquation.swift */,
				882133D520C600250090F2CE /* Asset.swift */,
			);
			path = Model;
			sourceTree = "<group>";
		};
		888622C420B10A530058A591 = {
			isa = PBXGroup;
			children = (
				888622CF20B10A530058A591 /* project3 */,
				888622CE20B10A530058A591 /* Products */,
			);
			sourceTree = "<group>";
		};
		888622CE20B10A530058A591 /* Products */ = {
			isa = PBXGroup;
			children = (
				888622CD20B10A530058A591 /* project3.app */,
			);
			name = Products;
			sourceTree = "<group>";
		};
		888622CF20B10A530058A591 /* project3 */ = {
			isa = PBXGroup;
			children = (
				88DE3DAF20CF846300591A56 /* Scene */,
				88DE3D6E20CF818D00591A56 /* AnimalCard */,
				88EA13AA20CB5E64004784F1 /* SpaceSpell */,
				882133D220C5FFDA0090F2CE /* Model */,
				8817401F20BBC0A000C55FC4 /* MainGameSceneController */,
				8817401D20BBC08700C55FC4 /* MathGameSceneController */,
				888622D020B10A530058A591 /* AppDelegate.swift */,
				888622D420B10A530058A591 /* Actions.sks */,
				888622D820B10A530058A591 /* GameViewController.swift */,
				888622DA20B10A530058A591 /* Main.storyboard */,
				888622DD20B10A550058A591 /* Assets.xcassets */,
				888622DF20B10A550058A591 /* LaunchScreen.storyboard */,
				888622E220B10A550058A591 /* Info.plist */,
				881DF04A20C2D57C00EA8A68 /* Asparagus Sprouts.ttf */,
			);
			path = project3;
			sourceTree = "<group>";
		};
		88DE3D6E20CF818D00591A56 /* AnimalCard */ = {
			isa = PBXGroup;
			children = (
				19F7CFE220CFCCA900D41E7E /* AnimalCardsLevelScene.swift */,
				19F7CFE120CFCCA900D41E7E /* AnimalCardsGameScene.swift */,
				19F7CFE720CFDB9400D41E7E /* AnimalCardGameOverScene.swift */,
			);
			path = AnimalCard;
			sourceTree = "<group>";
		};
		88DE3DAF20CF846300591A56 /* Scene */ = {
			isa = PBXGroup;
			children = (
				19F7CFDD20CFCC1B00D41E7E /* AnimalCardsLevel.sks */,
				19F7CFDE20CFCC1B00D41E7E /* AnimalCardsGame.sks */,
				19F7CFE520CFD0D500D41E7E /* AnimalCardsGameOver.sks */,
				88DE3DB020CF846300591A56 /* LaunchGame.sks */,
				88DE3DB120CF846300591A56 /* MainGame.sks */,
				88DE3DB220CF846300591A56 /* MathGame.sks */,
				88DE3DB320CF846300591A56 /* MathGameOver.sks */,
				88DE3DB420CF846300591A56 /* MathLevel.sks */,
				88DE3DBC20CF852900591A56 /* SpaceSpellGameOver.sks */,
				88DE3DBE20CF857100591A56 /* SpaceGame.sks */,
				88DE3DC020CF866900591A56 /* SpaceSpellLevel.sks */,
			);
			path = Scene;
			sourceTree = "<group>";
		};
		88EA13AA20CB5E64004784F1 /* SpaceSpell */ = {
			isa = PBXGroup;
			children = (
				88EA13AB20CB5E83004784F1 /* SpaceSpellScene.swift */,
				88EA143D20CB6724004784F1 /* SpaceSpellLevelScene.swift */,
				88EA144D20CB92C1004784F1 /* SpaceSpellController.swift */,
				88EA145120CBBA3A004784F1 /* SpaceSpellGameOverScene.swift */,
			);
			path = SpaceSpell;
			sourceTree = "<group>";
		};
/* End PBXGroup section */

/* Begin PBXNativeTarget section */
		888622CC20B10A530058A591 /* project3 */ = {
			isa = PBXNativeTarget;
			buildConfigurationList = 888622E520B10A550058A591 /* Build configuration list for PBXNativeTarget "project3" */;
			buildPhases = (
				888622C920B10A530058A591 /* Sources */,
				888622CA20B10A530058A591 /* Frameworks */,
				888622CB20B10A530058A591 /* Resources */,
			);
			buildRules = (
			);
			dependencies = (
			);
			name = project3;
			productName = project3;
			productReference = 888622CD20B10A530058A591 /* project3.app */;
			productType = "com.apple.product-type.application";
		};
/* End PBXNativeTarget section */

/* Begin PBXProject section */
		888622C520B10A530058A591 /* Project object */ = {
			isa = PBXProject;
			attributes = {
				LastSwiftUpdateCheck = 0930;
				LastUpgradeCheck = 0930;
				ORGANIZATIONNAME = "Hathaichanok Sreecharoen";
				TargetAttributes = {
					888622CC20B10A530058A591 = {
						CreatedOnToolsVersion = 9.3;
						ProvisioningStyle = Automatic;
					};
				};
			};
			buildConfigurationList = 888622C820B10A530058A591 /* Build configuration list for PBXProject "project3" */;
			compatibilityVersion = "Xcode 8.0";
			developmentRegion = en;
			hasScannedForEncodings = 0;
			knownRegions = (
				en,
				Base,
			);
			mainGroup = 888622C420B10A530058A591;
			productRefGroup = 888622CE20B10A530058A591 /* Products */;
			projectDirPath = "";
			projectRoot = "";
			targets = (
				888622CC20B10A530058A591 /* project3 */,
			);
		};
/* End PBXProject section */

/* Begin PBXResourcesBuildPhase section */
		888622CB20B10A530058A591 /* Resources */ = {
			isa = PBXResourcesBuildPhase;
			buildActionMask = 2147483647;
			files = (
				19F7CFDF20CFCC1B00D41E7E /* AnimalCardsLevel.sks in Resources */,
				88DE3DB820CF846300591A56 /* MathGameOver.sks in Resources */,
				88DE3DB620CF846300591A56 /* MainGame.sks in Resources */,
				88DE3DBD20CF852900591A56 /* SpaceSpellGameOver.sks in Resources */,
				888622DC20B10A530058A591 /* Main.storyboard in Resources */,
				888622DE20B10A550058A591 /* Assets.xcassets in Resources */,
				88DE3DB520CF846300591A56 /* LaunchGame.sks in Resources */,
				88DE3DBF20CF857100591A56 /* SpaceGame.sks in Resources */,
				881DF04D20C2D57D00EA8A68 /* Asparagus Sprouts.ttf in Resources */,
				19F7CFE020CFCC1B00D41E7E /* AnimalCardsGame.sks in Resources */,
				888622E120B10A550058A591 /* LaunchScreen.storyboard in Resources */,
				19F7CFE620CFD0D500D41E7E /* AnimalCardsGameOver.sks in Resources */,
				888622D520B10A530058A591 /* Actions.sks in Resources */,
				88DE3DB920CF846300591A56 /* MathLevel.sks in Resources */,
				88DE3DB720CF846300591A56 /* MathGame.sks in Resources */,
				88DE3DC120CF866900591A56 /* SpaceSpellLevel.sks in Resources */,
			);
			runOnlyForDeploymentPostprocessing = 0;
		};
/* End PBXResourcesBuildPhase section */

/* Begin PBXSourcesBuildPhase section */
		888622C920B10A530058A591 /* Sources */ = {
			isa = PBXSourcesBuildPhase;
			buildActionMask = 2147483647;
			files = (
				8817402A20BBD01700C55FC4 /* MathGameScene.swift in Sources */,
				882133D620C600250090F2CE /* Asset.swift in Sources */,
				888622D920B10A530058A591 /* GameViewController.swift in Sources */,
				88EA140720CB6216004784F1 /* SpaceSpell.swift in Sources */,
				8817402820BBC5EA00C55FC4 /* MainGameScene.swift in Sources */,
				19F7CFE420CFCCA900D41E7E /* AnimalCardsLevelScene.swift in Sources */,
				88EA143E20CB6724004784F1 /* SpaceSpellLevelScene.swift in Sources */,
				88B8B0F620C2644C00962654 /* MathGameOverScene.swift in Sources */,
				88EA145220CBBA3A004784F1 /* SpaceSpellGameOverScene.swift in Sources */,
				88EA13AC20CB5E83004784F1 /* SpaceSpellScene.swift in Sources */,
				19F7CFE820CFDB9400D41E7E /* AnimalCardGameOverScene.swift in Sources */,
				8817401A20BBC02700C55FC4 /* LaunchGameScene.swift in Sources */,
				88EA145020CBB9FB004784F1 /* MathGameController.swift in Sources */,
				88EA144E20CB92C1004784F1 /* SpaceSpellController.swift in Sources */,
				19F7CFE320CFCCA900D41E7E /* AnimalCardsGameScene.swift in Sources */,
				888622D120B10A530058A591 /* AppDelegate.swift in Sources */,
				882133D420C600140090F2CE /* MathEquation.swift in Sources */,
				8817402C20BBD05600C55FC4 /* MathLevelScene.swift in Sources */,
			);
			runOnlyForDeploymentPostprocessing = 0;
		};
/* End PBXSourcesBuildPhase section */

/* Begin PBXVariantGroup section */
		888622DA20B10A530058A591 /* Main.storyboard */ = {
			isa = PBXVariantGroup;
			children = (
				888622DB20B10A530058A591 /* Base */,
			);
			name = Main.storyboard;
			sourceTree = "<group>";
		};
		888622DF20B10A550058A591 /* LaunchScreen.storyboard */ = {
			isa = PBXVariantGroup;
			children = (
				888622E020B10A550058A591 /* Base */,
			);
			name = LaunchScreen.storyboard;
			sourceTree = "<group>";
		};
/* End PBXVariantGroup section */

/* Begin XCBuildConfiguration section */
		888622E320B10A550058A591 /* Debug */ = {
			isa = XCBuildConfiguration;
			buildSettings = {
				ALWAYS_SEARCH_USER_PATHS = NO;
				CLANG_ANALYZER_NONNULL = YES;
				CLANG_ANALYZER_NUMBER_OBJECT_CONVERSION = YES_AGGRESSIVE;
				CLANG_CXX_LANGUAGE_STANDARD = "gnu++14";
				CLANG_CXX_LIBRARY = "libc++";
				CLANG_ENABLE_MODULES = YES;
				CLANG_ENABLE_OBJC_ARC = YES;
				CLANG_ENABLE_OBJC_WEAK = YES;
				CLANG_WARN_BLOCK_CAPTURE_AUTORELEASING = YES;
				CLANG_WARN_BOOL_CONVERSION = YES;
				CLANG_WARN_COMMA = YES;
				CLANG_WARN_CONSTANT_CONVERSION = YES;
				CLANG_WARN_DEPRECATED_OBJC_IMPLEMENTATIONS = YES;
				CLANG_WARN_DIRECT_OBJC_ISA_USAGE = YES_ERROR;
				CLANG_WARN_DOCUMENTATION_COMMENTS = YES;
				CLANG_WARN_EMPTY_BODY = YES;
				CLANG_WARN_ENUM_CONVERSION = YES;
				CLANG_WARN_INFINITE_RECURSION = YES;
				CLANG_WARN_INT_CONVERSION = YES;
				CLANG_WARN_NON_LITERAL_NULL_CONVERSION = YES;
				CLANG_WARN_OBJC_IMPLICIT_RETAIN_SELF = YES;
				CLANG_WARN_OBJC_LITERAL_CONVERSION = YES;
				CLANG_WARN_OBJC_ROOT_CLASS = YES_ERROR;
				CLANG_WARN_RANGE_LOOP_ANALYSIS = YES;
				CLANG_WARN_STRICT_PROTOTYPES = YES;
				CLANG_WARN_SUSPICIOUS_MOVE = YES;
				CLANG_WARN_UNGUARDED_AVAILABILITY = YES_AGGRESSIVE;
				CLANG_WARN_UNREACHABLE_CODE = YES;
				CLANG_WARN__DUPLICATE_METHOD_MATCH = YES;
				CODE_SIGN_IDENTITY = "iPhone Developer";
				COPY_PHASE_STRIP = NO;
				DEBUG_INFORMATION_FORMAT = dwarf;
				ENABLE_STRICT_OBJC_MSGSEND = YES;
				ENABLE_TESTABILITY = YES;
				GCC_C_LANGUAGE_STANDARD = gnu11;
				GCC_DYNAMIC_NO_PIC = NO;
				GCC_NO_COMMON_BLOCKS = YES;
				GCC_OPTIMIZATION_LEVEL = 0;
				GCC_PREPROCESSOR_DEFINITIONS = (
					"DEBUG=1",
					"$(inherited)",
				);
				GCC_WARN_64_TO_32_BIT_CONVERSION = YES;
				GCC_WARN_ABOUT_RETURN_TYPE = YES_ERROR;
				GCC_WARN_UNDECLARED_SELECTOR = YES;
				GCC_WARN_UNINITIALIZED_AUTOS = YES_AGGRESSIVE;
				GCC_WARN_UNUSED_FUNCTION = YES;
				GCC_WARN_UNUSED_VARIABLE = YES;
				IPHONEOS_DEPLOYMENT_TARGET = 10.3;
				MTL_ENABLE_DEBUG_INFO = YES;
				ONLY_ACTIVE_ARCH = YES;
				SDKROOT = iphoneos;
				SWIFT_ACTIVE_COMPILATION_CONDITIONS = DEBUG;
				SWIFT_OPTIMIZATION_LEVEL = "-Onone";
			};
			name = Debug;
		};
		888622E420B10A550058A591 /* Release */ = {
			isa = XCBuildConfiguration;
			buildSettings = {
				ALWAYS_SEARCH_USER_PATHS = NO;
				CLANG_ANALYZER_NONNULL = YES;
				CLANG_ANALYZER_NUMBER_OBJECT_CONVERSION = YES_AGGRESSIVE;
				CLANG_CXX_LANGUAGE_STANDARD = "gnu++14";
				CLANG_CXX_LIBRARY = "libc++";
				CLANG_ENABLE_MODULES = YES;
				CLANG_ENABLE_OBJC_ARC = YES;
				CLANG_ENABLE_OBJC_WEAK = YES;
				CLANG_WARN_BLOCK_CAPTURE_AUTORELEASING = YES;
				CLANG_WARN_BOOL_CONVERSION = YES;
				CLANG_WARN_COMMA = YES;
				CLANG_WARN_CONSTANT_CONVERSION = YES;
				CLANG_WARN_DEPRECATED_OBJC_IMPLEMENTATIONS = YES;
				CLANG_WARN_DIRECT_OBJC_ISA_USAGE = YES_ERROR;
				CLANG_WARN_DOCUMENTATION_COMMENTS = YES;
				CLANG_WARN_EMPTY_BODY = YES;
				CLANG_WARN_ENUM_CONVERSION = YES;
				CLANG_WARN_INFINITE_RECURSION = YES;
				CLANG_WARN_INT_CONVERSION = YES;
				CLANG_WARN_NON_LITERAL_NULL_CONVERSION = YES;
				CLANG_WARN_OBJC_IMPLICIT_RETAIN_SELF = YES;
				CLANG_WARN_OBJC_LITERAL_CONVERSION = YES;
				CLANG_WARN_OBJC_ROOT_CLASS = YES_ERROR;
				CLANG_WARN_RANGE_LOOP_ANALYSIS = YES;
				CLANG_WARN_STRICT_PROTOTYPES = YES;
				CLANG_WARN_SUSPICIOUS_MOVE = YES;
				CLANG_WARN_UNGUARDED_AVAILABILITY = YES_AGGRESSIVE;
				CLANG_WARN_UNREACHABLE_CODE = YES;
				CLANG_WARN__DUPLICATE_METHOD_MATCH = YES;
				CODE_SIGN_IDENTITY = "iPhone Developer";
				COPY_PHASE_STRIP = NO;
				DEBUG_INFORMATION_FORMAT = "dwarf-with-dsym";
				ENABLE_NS_ASSERTIONS = NO;
				ENABLE_STRICT_OBJC_MSGSEND = YES;
				GCC_C_LANGUAGE_STANDARD = gnu11;
				GCC_NO_COMMON_BLOCKS = YES;
				GCC_WARN_64_TO_32_BIT_CONVERSION = YES;
				GCC_WARN_ABOUT_RETURN_TYPE = YES_ERROR;
				GCC_WARN_UNDECLARED_SELECTOR = YES;
				GCC_WARN_UNINITIALIZED_AUTOS = YES_AGGRESSIVE;
				GCC_WARN_UNUSED_FUNCTION = YES;
				GCC_WARN_UNUSED_VARIABLE = YES;
				IPHONEOS_DEPLOYMENT_TARGET = 10.3;
				MTL_ENABLE_DEBUG_INFO = NO;
				SDKROOT = iphoneos;
				SWIFT_OPTIMIZATION_LEVEL = "-Owholemodule";
				VALIDATE_PRODUCT = YES;
			};
			name = Release;
		};
		888622E620B10A550058A591 /* Debug */ = {
			isa = XCBuildConfiguration;
			buildSettings = {
				ASSETCATALOG_COMPILER_APPICON_NAME = AppIcon;
				CODE_SIGN_STYLE = Automatic;
				INFOPLIST_FILE = project3/Info.plist;
				IPHONEOS_DEPLOYMENT_TARGET = 10.3;
				LD_RUNPATH_SEARCH_PATHS = "$(inherited) @executable_path/Frameworks";
				PRODUCT_BUNDLE_IDENTIFIER = uts.edu.au.project3;
				PRODUCT_NAME = "$(TARGET_NAME)";
				SWIFT_VERSION = 4.0;
				TARGETED_DEVICE_FAMILY = 2;
			};
			name = Debug;
		};
		888622E720B10A550058A591 /* Release */ = {
			isa = XCBuildConfiguration;
			buildSettings = {
				ASSETCATALOG_COMPILER_APPICON_NAME = AppIcon;
				CODE_SIGN_STYLE = Automatic;
				INFOPLIST_FILE = project3/Info.plist;
				IPHONEOS_DEPLOYMENT_TARGET = 10.3;
				LD_RUNPATH_SEARCH_PATHS = "$(inherited) @executable_path/Frameworks";
				PRODUCT_BUNDLE_IDENTIFIER = uts.edu.au.project3;
				PRODUCT_NAME = "$(TARGET_NAME)";
				SWIFT_VERSION = 4.0;
				TARGETED_DEVICE_FAMILY = 2;
			};
			name = Release;
		};
/* End XCBuildConfiguration section */

/* Begin XCConfigurationList section */
		888622C820B10A530058A591 /* Build configuration list for PBXProject "project3" */ = {
			isa = XCConfigurationList;
			buildConfigurations = (
				888622E320B10A550058A591 /* Debug */,
				888622E420B10A550058A591 /* Release */,
			);
			defaultConfigurationIsVisible = 0;
			defaultConfigurationName = Release;
		};
		888622E520B10A550058A591 /* Build configuration list for PBXNativeTarget "project3" */ = {
			isa = XCConfigurationList;
			buildConfigurations = (
				888622E620B10A550058A591 /* Debug */,
				888622E720B10A550058A591 /* Release */,
			);
			defaultConfigurationIsVisible = 0;
			defaultConfigurationName = Release;
		};
/* End XCConfigurationList section */
	};
	rootObject = 888622C520B10A530058A591 /* Project object */;
}
